
Microsoft Visual Studio Solution File, Format Version 12.00
# Visual Studio 2012
Project("{FAE04EC0-301F-11D3-BF4B-00C04F79EFBC}") = "MVC Music Store", "MVC Music Store\MVC Music Store.csproj", "{0A8DA081-01A6-43D6-B2F4-AA2B3AD5153D}"
EndProject
Global
	GlobalSection(SolutionConfigurationPlatforms) = preSolution
		Debug|Any CPU = Debug|Any CPU
		Release|Any CPU = Release|Any CPU
	EndGlobalSection
	GlobalSection(ProjectConfigurationPlatforms) = postSolution
		{0A8DA081-01A6-43D6-B2F4-AA2B3AD5153D}.Debug|Any CPU.ActiveCfg = Debug|Any CPU
		{0A8DA081-01A6-43D6-B2F4-AA2B3AD5153D}.Debug|Any CPU.Build.0 = Debug|Any CPU
		{0A8DA081-01A6-43D6-B2F4-AA2B3AD5153D}.Release|Any CPU.ActiveCfg = Release|Any CPU
		{0A8DA081-01A6-43D6-B2F4-AA2B3AD5153D}.Release|Any CPU.Build.0 = Release|Any CPU
	EndGlobalSection
	GlobalSection(SolutionProperties) = preSolution
		HideSolutionNode = FALSE
	EndGlobalSection
EndGlobal
